
Microsoft Visual Studio Solution File, Format Version 12.00
# Visual Studio Version 17
VisualStudioVersion = 17.0.32014.148
MinimumVisualStudioVersion = 10.0.40219.1
Project("{FAE04EC0-301F-11D3-BF4B-00C04F79EFBC}") = "Network", "Network\Network.csproj", "{FCE21E55-1B3E-4AF1-84E1-5E15580F653D}"
EndProject
Global
	GlobalSection(SolutionConfigurationPlatforms) = preSolution
		Debug|Any CPU = Debug|Any CPU
		Release|Any CPU = Release|Any CPU
	EndGlobalSection
	GlobalSection(ProjectConfigurationPlatforms) = postSolution
		{FCE21E55-1B3E-4AF1-84E1-5E15580F653D}.Debug|Any CPU.ActiveCfg = Debug|Any CPU
		{FCE21E55-1B3E-4AF1-84E1-5E15580F653D}.Debug|Any CPU.Build.0 = Debug|Any CPU
		{FCE21E55-1B3E-4AF1-84E1-5E15580F653D}.Release|Any CPU.ActiveCfg = Release|Any CPU
		{FCE21E55-1B3E-4AF1-84E1-5E15580F653D}.Release|Any CPU.Build.0 = Release|Any CPU
	EndGlobalSection
	GlobalSection(SolutionProperties) = preSolution
		HideSolutionNode = FALSE
	EndGlobalSection
	GlobalSection(ExtensibilityGlobals) = postSolution
		SolutionGuid = {EFD51B77-F644-4CC6-A8AB-D36A410768B4}
	EndGlobalSection
EndGlobal
